
Microsoft Visual Studio Solution File, Format Version 10.00
# Visual Studio 2008
Project("{F2A71F9B-5D33-465A-A702-920D77279786}") = "RevitAddin", "RevitAddin\RevitAddin.fsproj", "{660BE36E-93C4-40D5-AF0B-3D0734110C4F}"
EndProject
Global
	GlobalSection(SolutionConfigurationPlatforms) = preSolution
		Debug|Any CPU = Debug|Any CPU
		Release|Any CPU = Release|Any CPU
	EndGlobalSection
	GlobalSection(ProjectConfigurationPlatforms) = postSolution
		{660BE36E-93C4-40D5-AF0B-3D0734110C4F}.Debug|Any CPU.ActiveCfg = Debug|Any CPU
		{660BE36E-93C4-40D5-AF0B-3D0734110C4F}.Debug|Any CPU.Build.0 = Debug|Any CPU
		{660BE36E-93C4-40D5-AF0B-3D0734110C4F}.Release|Any CPU.ActiveCfg = Release|Any CPU
		{660BE36E-93C4-40D5-AF0B-3D0734110C4F}.Release|Any CPU.Build.0 = Release|Any CPU
	EndGlobalSection
	GlobalSection(SolutionProperties) = preSolution
		HideSolutionNode = FALSE
	EndGlobalSection
EndGlobal
