
Microsoft Visual Studio Solution File, Format Version 10.00
# Visual Studio 2008
Project("{FAE04EC0-301F-11D3-BF4B-00C04F79EFBC}") = "RstLinkCs", "cs\RstLinkCs\RstLinkCs.csproj", "{F90F9DA0-13AD-468F-A311-04D2CF4E10A7}"
EndProject
Project("{F184B08F-C81C-45F6-A57F-5ABD9991F28F}") = "RstLinkVb", "vb\RstLinkVb\RstLinkVb.vbproj", "{05DFF801-ADCF-4619-A61A-78102F4544BD}"
EndProject
Project("{8BC9CEB8-8B4A-11D0-8D11-00A0C91BC942}") = "Miro", "cpp\RstLinkAcadClientDynProps\Miro.vcproj", "{200061B2-AF4F-4B82-82BB-C3E08A790FEB}"
EndProject
Project("{FAE04EC0-301F-11D3-BF4B-00C04F79EFBC}") = "RstLinkAcadClientCs", "cs\RstLinkAcadClientCs\RstLinkAcadClientCs.csproj", "{EF7001E6-9FED-4374-B948-58F0C32A703C}"
EndProject
Project("{F184B08F-C81C-45F6-A57F-5ABD9991F28F}") = "RstLinkAcadClientVb", "vb\RstLinkAcadClientVb\RstLinkAcadClientVb.vbproj", "{10C4EDCE-5663-4A3A-BDA2-615ADF89ED55}"
EndProject
Project("{F184B08F-C81C-45F6-A57F-5ABD9991F28F}") = "RstLinkRevitClientVb", "vb\RstLinkRevitClientVb\RstLinkRevitClientVb.vbproj", "{B8E6FDC8-6B23-4C5C-BEB6-9DB7B49509D4}"
	ProjectSection(ProjectDependencies) = postProject
		{05DFF801-ADCF-4619-A61A-78102F4544BD} = {05DFF801-ADCF-4619-A61A-78102F4544BD}
	EndProjectSection
EndProject
Project("{FAE04EC0-301F-11D3-BF4B-00C04F79EFBC}") = "RstLinkRevitClientCs", "cs\RstLinkRevitClientCs\RstLinkRevitClientCs.csproj", "{B30FE09A-CADA-472B-A22A-036EAC99B85C}"
	ProjectSection(ProjectDependencies) = postProject
		{F90F9DA0-13AD-468F-A311-04D2CF4E10A7} = {F90F9DA0-13AD-468F-A311-04D2CF4E10A7}
	EndProjectSection
EndProject
Global
	GlobalSection(SolutionConfigurationPlatforms) = preSolution
		Debug|Any CPU = Debug|Any CPU
		Debug|Mixed Platforms = Debug|Mixed Platforms
		Debug|Win32 = Debug|Win32
		Release|Any CPU = Release|Any CPU
		Release|Mixed Platforms = Release|Mixed Platforms
		Release|Win32 = Release|Win32
	EndGlobalSection
	GlobalSection(ProjectConfigurationPlatforms) = postSolution
		{F90F9DA0-13AD-468F-A311-04D2CF4E10A7}.Debug|Any CPU.ActiveCfg = Debug|Any CPU
		{F90F9DA0-13AD-468F-A311-04D2CF4E10A7}.Debug|Any CPU.Build.0 = Debug|Any CPU
		{F90F9DA0-13AD-468F-A311-04D2CF4E10A7}.Debug|Mixed Platforms.ActiveCfg = Debug|Any CPU
		{F90F9DA0-13AD-468F-A311-04D2CF4E10A7}.Debug|Mixed Platforms.Build.0 = Debug|Any CPU
		{F90F9DA0-13AD-468F-A311-04D2CF4E10A7}.Debug|Win32.ActiveCfg = Debug|Any CPU
		{F90F9DA0-13AD-468F-A311-04D2CF4E10A7}.Release|Any CPU.ActiveCfg = Release|Any CPU
		{F90F9DA0-13AD-468F-A311-04D2CF4E10A7}.Release|Any CPU.Build.0 = Release|Any CPU
		{F90F9DA0-13AD-468F-A311-04D2CF4E10A7}.Release|Mixed Platforms.ActiveCfg = Release|Any CPU
		{F90F9DA0-13AD-468F-A311-04D2CF4E10A7}.Release|Mixed Platforms.Build.0 = Release|Any CPU
		{F90F9DA0-13AD-468F-A311-04D2CF4E10A7}.Release|Win32.ActiveCfg = Release|Any CPU
		{05DFF801-ADCF-4619-A61A-78102F4544BD}.Debug|Any CPU.ActiveCfg = Debug|Any CPU
		{05DFF801-ADCF-4619-A61A-78102F4544BD}.Debug|Any CPU.Build.0 = Debug|Any CPU
		{05DFF801-ADCF-4619-A61A-78102F4544BD}.Debug|Mixed Platforms.ActiveCfg = Debug|Any CPU
		{05DFF801-ADCF-4619-A61A-78102F4544BD}.Debug|Mixed Platforms.Build.0 = Debug|Any CPU
		{05DFF801-ADCF-4619-A61A-78102F4544BD}.Debug|Win32.ActiveCfg = Debug|Any CPU
		{05DFF801-ADCF-4619-A61A-78102F4544BD}.Release|Any CPU.ActiveCfg = Release|Any CPU
		{05DFF801-ADCF-4619-A61A-78102F4544BD}.Release|Any CPU.Build.0 = Release|Any CPU
		{05DFF801-ADCF-4619-A61A-78102F4544BD}.Release|Mixed Platforms.ActiveCfg = Release|Any CPU
		{05DFF801-ADCF-4619-A61A-78102F4544BD}.Release|Mixed Platforms.Build.0 = Release|Any CPU
		{05DFF801-ADCF-4619-A61A-78102F4544BD}.Release|Win32.ActiveCfg = Release|Any CPU
		{200061B2-AF4F-4B82-82BB-C3E08A790FEB}.Debug|Any CPU.ActiveCfg = Debug|Win32
		{200061B2-AF4F-4B82-82BB-C3E08A790FEB}.Debug|Mixed Platforms.ActiveCfg = Debug|Win32
		{200061B2-AF4F-4B82-82BB-C3E08A790FEB}.Debug|Mixed Platforms.Build.0 = Debug|Win32
		{200061B2-AF4F-4B82-82BB-C3E08A790FEB}.Debug|Win32.ActiveCfg = Debug|Win32
		{200061B2-AF4F-4B82-82BB-C3E08A790FEB}.Debug|Win32.Build.0 = Debug|Win32
		{200061B2-AF4F-4B82-82BB-C3E08A790FEB}.Release|Any CPU.ActiveCfg = Release|Win32
		{200061B2-AF4F-4B82-82BB-C3E08A790FEB}.Release|Mixed Platforms.ActiveCfg = Release|Win32
		{200061B2-AF4F-4B82-82BB-C3E08A790FEB}.Release|Mixed Platforms.Build.0 = Release|Win32
		{200061B2-AF4F-4B82-82BB-C3E08A790FEB}.Release|Win32.ActiveCfg = Release|Win32
		{200061B2-AF4F-4B82-82BB-C3E08A790FEB}.Release|Win32.Build.0 = Release|Win32
		{EF7001E6-9FED-4374-B948-58F0C32A703C}.Debug|Any CPU.ActiveCfg = Debug|Any CPU
		{EF7001E6-9FED-4374-B948-58F0C32A703C}.Debug|Any CPU.Build.0 = Debug|Any CPU
		{EF7001E6-9FED-4374-B948-58F0C32A703C}.Debug|Mixed Platforms.ActiveCfg = Debug|Any CPU
		{EF7001E6-9FED-4374-B948-58F0C32A703C}.Debug|Mixed Platforms.Build.0 = Debug|Any CPU
		{EF7001E6-9FED-4374-B948-58F0C32A703C}.Debug|Win32.ActiveCfg = Debug|Any CPU
		{EF7001E6-9FED-4374-B948-58F0C32A703C}.Release|Any CPU.ActiveCfg = Release|Any CPU
		{EF7001E6-9FED-4374-B948-58F0C32A703C}.Release|Any CPU.Build.0 = Release|Any CPU
		{EF7001E6-9FED-4374-B948-58F0C32A703C}.Release|Mixed Platforms.ActiveCfg = Release|Any CPU
		{EF7001E6-9FED-4374-B948-58F0C32A703C}.Release|Mixed Platforms.Build.0 = Release|Any CPU
		{EF7001E6-9FED-4374-B948-58F0C32A703C}.Release|Win32.ActiveCfg = Release|Any CPU
		{10C4EDCE-5663-4A3A-BDA2-615ADF89ED55}.Debug|Any CPU.ActiveCfg = Debug|Any CPU
		{10C4EDCE-5663-4A3A-BDA2-615ADF89ED55}.Debug|Any CPU.Build.0 = Debug|Any CPU
		{10C4EDCE-5663-4A3A-BDA2-615ADF89ED55}.Debug|Mixed Platforms.ActiveCfg = Debug|Any CPU
		{10C4EDCE-5663-4A3A-BDA2-615ADF89ED55}.Debug|Mixed Platforms.Build.0 = Debug|Any CPU
		{10C4EDCE-5663-4A3A-BDA2-615ADF89ED55}.Debug|Win32.ActiveCfg = Debug|Any CPU
		{10C4EDCE-5663-4A3A-BDA2-615ADF89ED55}.Release|Any CPU.ActiveCfg = Release|Any CPU
		{10C4EDCE-5663-4A3A-BDA2-615ADF89ED55}.Release|Any CPU.Build.0 = Release|Any CPU
		{10C4EDCE-5663-4A3A-BDA2-615ADF89ED55}.Release|Mixed Platforms.ActiveCfg = Release|Any CPU
		{10C4EDCE-5663-4A3A-BDA2-615ADF89ED55}.Release|Mixed Platforms.Build.0 = Release|Any CPU
		{10C4EDCE-5663-4A3A-BDA2-615ADF89ED55}.Release|Win32.ActiveCfg = Release|Any CPU
		{B8E6FDC8-6B23-4C5C-BEB6-9DB7B49509D4}.Debug|Any CPU.ActiveCfg = Debug|Any CPU
		{B8E6FDC8-6B23-4C5C-BEB6-9DB7B49509D4}.Debug|Any CPU.Build.0 = Debug|Any CPU
		{B8E6FDC8-6B23-4C5C-BEB6-9DB7B49509D4}.Debug|Mixed Platforms.ActiveCfg = Debug|Any CPU
		{B8E6FDC8-6B23-4C5C-BEB6-9DB7B49509D4}.Debug|Mixed Platforms.Build.0 = Debug|Any CPU
		{B8E6FDC8-6B23-4C5C-BEB6-9DB7B49509D4}.Debug|Win32.ActiveCfg = Debug|Any CPU
		{B8E6FDC8-6B23-4C5C-BEB6-9DB7B49509D4}.Release|Any CPU.ActiveCfg = Release|Any CPU
		{B8E6FDC8-6B23-4C5C-BEB6-9DB7B49509D4}.Release|Any CPU.Build.0 = Release|Any CPU
		{B8E6FDC8-6B23-4C5C-BEB6-9DB7B49509D4}.Release|Mixed Platforms.ActiveCfg = Release|Any CPU
		{B8E6FDC8-6B23-4C5C-BEB6-9DB7B49509D4}.Release|Mixed Platforms.Build.0 = Release|Any CPU
		{B8E6FDC8-6B23-4C5C-BEB6-9DB7B49509D4}.Release|Win32.ActiveCfg = Release|Any CPU
		{B30FE09A-CADA-472B-A22A-036EAC99B85C}.Debug|Any CPU.ActiveCfg = Debug|Any CPU
		{B30FE09A-CADA-472B-A22A-036EAC99B85C}.Debug|Any CPU.Build.0 = Debug|Any CPU
		{B30FE09A-CADA-472B-A22A-036EAC99B85C}.Debug|Mixed Platforms.ActiveCfg = Debug|Any CPU
		{B30FE09A-CADA-472B-A22A-036EAC99B85C}.Debug|Mixed Platforms.Build.0 = Debug|Any CPU
		{B30FE09A-CADA-472B-A22A-036EAC99B85C}.Debug|Win32.ActiveCfg = Debug|Any CPU
		{B30FE09A-CADA-472B-A22A-036EAC99B85C}.Release|Any CPU.ActiveCfg = Release|Any CPU
		{B30FE09A-CADA-472B-A22A-036EAC99B85C}.Release|Any CPU.Build.0 = Release|Any CPU
		{B30FE09A-CADA-472B-A22A-036EAC99B85C}.Release|Mixed Platforms.ActiveCfg = Release|Any CPU
		{B30FE09A-CADA-472B-A22A-036EAC99B85C}.Release|Mixed Platforms.Build.0 = Release|Any CPU
		{B30FE09A-CADA-472B-A22A-036EAC99B85C}.Release|Win32.ActiveCfg = Release|Any CPU
	EndGlobalSection
	GlobalSection(SolutionProperties) = preSolution
		HideSolutionNode = FALSE
	EndGlobalSection
EndGlobal
