
Microsoft Visual Studio Solution File, Format Version 11.00
# Visual Studio 2010
Project("{FAE04EC0-301F-11D3-BF4B-00C04F79EFBC}") = "ConstructionModelingSample", "ConstructionModelingSample\ConstructionModelingSample.csproj", "{94A91BA6-FAB5-41CE-B1BB-FD8B6E04E35F}"
EndProject
Global
	GlobalSection(SolutionConfigurationPlatforms) = preSolution
		Debug|Any CPU = Debug|Any CPU
		Release|Any CPU = Release|Any CPU
	EndGlobalSection
	GlobalSection(ProjectConfigurationPlatforms) = postSolution
		{94A91BA6-FAB5-41CE-B1BB-FD8B6E04E35F}.Debug|Any CPU.ActiveCfg = Debug|Any CPU
		{94A91BA6-FAB5-41CE-B1BB-FD8B6E04E35F}.Debug|Any CPU.Build.0 = Debug|Any CPU
		{94A91BA6-FAB5-41CE-B1BB-FD8B6E04E35F}.Release|Any CPU.ActiveCfg = Release|Any CPU
		{94A91BA6-FAB5-41CE-B1BB-FD8B6E04E35F}.Release|Any CPU.Build.0 = Release|Any CPU
	EndGlobalSection
	GlobalSection(SolutionProperties) = preSolution
		HideSolutionNode = FALSE
	EndGlobalSection
EndGlobal
