
Microsoft Visual Studio Solution File, Format Version 9.00
# Visual Studio 2005
Project("{FAE04EC0-301F-11D3-BF4B-00C04F79EFBC}") = "mep", "mep\mep.csproj", "{AF08ADB8-FD42-4055-86E5-062DFDA61B02}"
EndProject
Global
	GlobalSection(SolutionConfigurationPlatforms) = preSolution
		Debug|Any CPU = Debug|Any CPU
		Release|Any CPU = Release|Any CPU
	EndGlobalSection
	GlobalSection(ProjectConfigurationPlatforms) = postSolution
		{AF08ADB8-FD42-4055-86E5-062DFDA61B02}.Debug|Any CPU.ActiveCfg = Debug|Any CPU
		{AF08ADB8-FD42-4055-86E5-062DFDA61B02}.Debug|Any CPU.Build.0 = Debug|Any CPU
		{AF08ADB8-FD42-4055-86E5-062DFDA61B02}.Release|Any CPU.ActiveCfg = Release|Any CPU
		{AF08ADB8-FD42-4055-86E5-062DFDA61B02}.Release|Any CPU.Build.0 = Release|Any CPU
	EndGlobalSection
	GlobalSection(SolutionProperties) = preSolution
		HideSolutionNode = FALSE
	EndGlobalSection
EndGlobal
