
Microsoft Visual Studio Solution File, Format Version 10.00
# Visual Studio 2008
Project("{FAE04EC0-301F-11D3-BF4B-00C04F79EFBC}") = "DevCamp_Massing", "DevCamp_Massing\DevCamp_Massing.csproj", "{670340DB-DE02-4710-AD9F-20F85881501B}"
EndProject
Global
	GlobalSection(SolutionConfigurationPlatforms) = preSolution
		Debug|Any CPU = Debug|Any CPU
		Release|Any CPU = Release|Any CPU
	EndGlobalSection
	GlobalSection(ProjectConfigurationPlatforms) = postSolution
		{670340DB-DE02-4710-AD9F-20F85881501B}.Debug|Any CPU.ActiveCfg = Debug|Any CPU
		{670340DB-DE02-4710-AD9F-20F85881501B}.Debug|Any CPU.Build.0 = Debug|Any CPU
		{670340DB-DE02-4710-AD9F-20F85881501B}.Release|Any CPU.ActiveCfg = Release|Any CPU
		{670340DB-DE02-4710-AD9F-20F85881501B}.Release|Any CPU.Build.0 = Release|Any CPU
	EndGlobalSection
	GlobalSection(SolutionProperties) = preSolution
		HideSolutionNode = FALSE
	EndGlobalSection
EndGlobal
