
Microsoft Visual Studio Solution File, Format Version 9.00
# Visual Studio 2005
Project("{FAE04EC0-301F-11D3-BF4B-00C04F79EFBC}") = "LabsCs", "cs\LabsCs.csproj", "{9F4D6AA1-04BE-4FB2-8459-4DAC1719152D}"
EndProject
Project("{F184B08F-C81C-45F6-A57F-5ABD9991F28F}") = "LabsVb", "vb\LabsVb.vbproj", "{B47C0511-8538-4233-A243-24BF46D6999B}"
EndProject
Global
	GlobalSection(SolutionConfigurationPlatforms) = preSolution
		Debug|Any CPU = Debug|Any CPU
		Release|Any CPU = Release|Any CPU
	EndGlobalSection
	GlobalSection(ProjectConfigurationPlatforms) = postSolution
		{9F4D6AA1-04BE-4FB2-8459-4DAC1719152D}.Debug|Any CPU.ActiveCfg = Debug|Any CPU
		{9F4D6AA1-04BE-4FB2-8459-4DAC1719152D}.Debug|Any CPU.Build.0 = Debug|Any CPU
		{9F4D6AA1-04BE-4FB2-8459-4DAC1719152D}.Release|Any CPU.ActiveCfg = Release|Any CPU
		{9F4D6AA1-04BE-4FB2-8459-4DAC1719152D}.Release|Any CPU.Build.0 = Release|Any CPU
		{B47C0511-8538-4233-A243-24BF46D6999B}.Debug|Any CPU.ActiveCfg = Debug|Any CPU
		{B47C0511-8538-4233-A243-24BF46D6999B}.Debug|Any CPU.Build.0 = Debug|Any CPU
		{B47C0511-8538-4233-A243-24BF46D6999B}.Release|Any CPU.ActiveCfg = Release|Any CPU
		{B47C0511-8538-4233-A243-24BF46D6999B}.Release|Any CPU.Build.0 = Release|Any CPU
	EndGlobalSection
	GlobalSection(SolutionProperties) = preSolution
		HideSolutionNode = FALSE
	EndGlobalSection
EndGlobal
