
Microsoft Visual Studio Solution File, Format Version 10.00
# Visual Studio 2008
Project("{FAE04EC0-301F-11D3-BF4B-00C04F79EFBC}") = "DevCamp_AVF", "DevCamp_AVF\DevCamp_AVF.csproj", "{DDC9C3C1-DD6C-47AD-94DA-2540A99911F3}"
EndProject
Global
	GlobalSection(SolutionConfigurationPlatforms) = preSolution
		Debug|Any CPU = Debug|Any CPU
		Release|Any CPU = Release|Any CPU
	EndGlobalSection
	GlobalSection(ProjectConfigurationPlatforms) = postSolution
		{DDC9C3C1-DD6C-47AD-94DA-2540A99911F3}.Debug|Any CPU.ActiveCfg = Debug|Any CPU
		{DDC9C3C1-DD6C-47AD-94DA-2540A99911F3}.Debug|Any CPU.Build.0 = Debug|Any CPU
		{DDC9C3C1-DD6C-47AD-94DA-2540A99911F3}.Release|Any CPU.ActiveCfg = Release|Any CPU
		{DDC9C3C1-DD6C-47AD-94DA-2540A99911F3}.Release|Any CPU.Build.0 = Release|Any CPU
	EndGlobalSection
	GlobalSection(SolutionProperties) = preSolution
		HideSolutionNode = FALSE
	EndGlobalSection
EndGlobal
