
Microsoft Visual Studio Solution File, Format Version 12.00
# Visual Studio 2012
Project("{FAE04EC0-301F-11D3-BF4B-00C04F79EFBC}") = "SectionPropertiesExplorer", "SectionPropertiesExplorer\SectionPropertiesExplorer.csproj", "{F143D61C-115B-4DE9-9A13-FC1FDF4D8BF7}"
EndProject
Project("{FAE04EC0-301F-11D3-BF4B-00C04F79EFBC}") = "ExtensibleStorageUI", "ExtensibleStorageUI\ExtensibleStorageUI.csproj", "{2E856D39-A061-44C2-BACE-386F6504E890}"
EndProject
Project("{FAE04EC0-301F-11D3-BF4B-00C04F79EFBC}") = "ExtensibleStorageDocumentation", "ExtensibleStorageDocumentation\ExtensibleStorageDocumentation.csproj", "{41442C16-4737-4C20-94FF-6F6FFBB29B9A}"
EndProject
Project("{FAE04EC0-301F-11D3-BF4B-00C04F79EFBC}") = "CodeCheckingConcreteExample", "Concrete\CodeCheckingConcreteExample\CodeCheckingConcreteExample.csproj", "{FE7A0A20-C19E-40F9-BEFE-8C30C1CF0D56}"
EndProject
Project("{FAE04EC0-301F-11D3-BF4B-00C04F79EFBC}") = "ConcreteCalculationsExample", "Concrete\ConcreteCalculationsExample\ConcreteCalculationsExample.csproj", "{B169FC44-F224-480C-8033-04C1B072975B}"
EndProject
Project("{FAE04EC0-301F-11D3-BF4B-00C04F79EFBC}") = "QueryingResults", "ResultsInRevit\QueryingResults\QueryingResults.csproj", "{A532EE11-A893-4D72-8245-76D47710C206}"
EndProject
Project("{FAE04EC0-301F-11D3-BF4B-00C04F79EFBC}") = "StoringResults", "ResultsInRevit\StoringResults\StoringResults.csproj", "{A0C4B14C-1C68-4D3A-8B6B-802DB93397DD}"
EndProject
Project("{FAE04EC0-301F-11D3-BF4B-00C04F79EFBC}") = "ASCE-7-10", "ASCE-7-10\ASCE-7-10.csproj", "{F554DDCD-744E-4192-9448-0447A06E8AA9}"
EndProject
Global
	GlobalSection(SolutionConfigurationPlatforms) = preSolution
		All|Any CPU = All|Any CPU
		All|Mixed Platforms = All|Mixed Platforms
		All|x64 = All|x64
		All|x86 = All|x86
		Debug|Any CPU = Debug|Any CPU
		Debug|Mixed Platforms = Debug|Mixed Platforms
		Debug|x64 = Debug|x64
		Debug|x86 = Debug|x86
		Release|Any CPU = Release|Any CPU
		Release|Mixed Platforms = Release|Mixed Platforms
		Release|x64 = Release|x64
		Release|x86 = Release|x86
	EndGlobalSection
	GlobalSection(ProjectConfigurationPlatforms) = postSolution
		{F143D61C-115B-4DE9-9A13-FC1FDF4D8BF7}.All|Any CPU.ActiveCfg = Release|Any CPU
		{F143D61C-115B-4DE9-9A13-FC1FDF4D8BF7}.All|Any CPU.Build.0 = Release|Any CPU
		{F143D61C-115B-4DE9-9A13-FC1FDF4D8BF7}.All|Mixed Platforms.ActiveCfg = Release|Any CPU
		{F143D61C-115B-4DE9-9A13-FC1FDF4D8BF7}.All|Mixed Platforms.Build.0 = Release|Any CPU
		{F143D61C-115B-4DE9-9A13-FC1FDF4D8BF7}.All|x64.ActiveCfg = Release|Any CPU
		{F143D61C-115B-4DE9-9A13-FC1FDF4D8BF7}.All|x86.ActiveCfg = Release|Any CPU
		{F143D61C-115B-4DE9-9A13-FC1FDF4D8BF7}.Debug|Any CPU.ActiveCfg = Debug|Any CPU
		{F143D61C-115B-4DE9-9A13-FC1FDF4D8BF7}.Debug|Any CPU.Build.0 = Debug|Any CPU
		{F143D61C-115B-4DE9-9A13-FC1FDF4D8BF7}.Debug|Mixed Platforms.ActiveCfg = Debug|Any CPU
		{F143D61C-115B-4DE9-9A13-FC1FDF4D8BF7}.Debug|Mixed Platforms.Build.0 = Debug|Any CPU
		{F143D61C-115B-4DE9-9A13-FC1FDF4D8BF7}.Debug|x64.ActiveCfg = Debug|Any CPU
		{F143D61C-115B-4DE9-9A13-FC1FDF4D8BF7}.Debug|x86.ActiveCfg = Debug|Any CPU
		{F143D61C-115B-4DE9-9A13-FC1FDF4D8BF7}.Release|Any CPU.ActiveCfg = Release|Any CPU
		{F143D61C-115B-4DE9-9A13-FC1FDF4D8BF7}.Release|Any CPU.Build.0 = Release|Any CPU
		{F143D61C-115B-4DE9-9A13-FC1FDF4D8BF7}.Release|Mixed Platforms.ActiveCfg = Release|Any CPU
		{F143D61C-115B-4DE9-9A13-FC1FDF4D8BF7}.Release|Mixed Platforms.Build.0 = Release|Any CPU
		{F143D61C-115B-4DE9-9A13-FC1FDF4D8BF7}.Release|x64.ActiveCfg = Release|Any CPU
		{F143D61C-115B-4DE9-9A13-FC1FDF4D8BF7}.Release|x86.ActiveCfg = Release|Any CPU
		{2E856D39-A061-44C2-BACE-386F6504E890}.All|Any CPU.ActiveCfg = Release|Any CPU
		{2E856D39-A061-44C2-BACE-386F6504E890}.All|Any CPU.Build.0 = Release|Any CPU
		{2E856D39-A061-44C2-BACE-386F6504E890}.All|Mixed Platforms.ActiveCfg = Release|Any CPU
		{2E856D39-A061-44C2-BACE-386F6504E890}.All|Mixed Platforms.Build.0 = Release|Any CPU
		{2E856D39-A061-44C2-BACE-386F6504E890}.All|x64.ActiveCfg = Release|Any CPU
		{2E856D39-A061-44C2-BACE-386F6504E890}.All|x86.ActiveCfg = Release|Any CPU
		{2E856D39-A061-44C2-BACE-386F6504E890}.Debug|Any CPU.ActiveCfg = Debug|Any CPU
		{2E856D39-A061-44C2-BACE-386F6504E890}.Debug|Any CPU.Build.0 = Debug|Any CPU
		{2E856D39-A061-44C2-BACE-386F6504E890}.Debug|Mixed Platforms.ActiveCfg = Debug|Any CPU
		{2E856D39-A061-44C2-BACE-386F6504E890}.Debug|Mixed Platforms.Build.0 = Debug|Any CPU
		{2E856D39-A061-44C2-BACE-386F6504E890}.Debug|x64.ActiveCfg = Debug|Any CPU
		{2E856D39-A061-44C2-BACE-386F6504E890}.Debug|x86.ActiveCfg = Debug|Any CPU
		{2E856D39-A061-44C2-BACE-386F6504E890}.Release|Any CPU.ActiveCfg = Release|Any CPU
		{2E856D39-A061-44C2-BACE-386F6504E890}.Release|Any CPU.Build.0 = Release|Any CPU
		{2E856D39-A061-44C2-BACE-386F6504E890}.Release|Mixed Platforms.ActiveCfg = Release|Any CPU
		{2E856D39-A061-44C2-BACE-386F6504E890}.Release|Mixed Platforms.Build.0 = Release|Any CPU
		{2E856D39-A061-44C2-BACE-386F6504E890}.Release|x64.ActiveCfg = Release|Any CPU
		{2E856D39-A061-44C2-BACE-386F6504E890}.Release|x86.ActiveCfg = Release|Any CPU
		{41442C16-4737-4C20-94FF-6F6FFBB29B9A}.All|Any CPU.ActiveCfg = Release|Any CPU
		{41442C16-4737-4C20-94FF-6F6FFBB29B9A}.All|Any CPU.Build.0 = Release|Any CPU
		{41442C16-4737-4C20-94FF-6F6FFBB29B9A}.All|Mixed Platforms.ActiveCfg = Release|Any CPU
		{41442C16-4737-4C20-94FF-6F6FFBB29B9A}.All|Mixed Platforms.Build.0 = Release|Any CPU
		{41442C16-4737-4C20-94FF-6F6FFBB29B9A}.All|x64.ActiveCfg = Release|Any CPU
		{41442C16-4737-4C20-94FF-6F6FFBB29B9A}.All|x86.ActiveCfg = Release|Any CPU
		{41442C16-4737-4C20-94FF-6F6FFBB29B9A}.Debug|Any CPU.ActiveCfg = Debug|Any CPU
		{41442C16-4737-4C20-94FF-6F6FFBB29B9A}.Debug|Any CPU.Build.0 = Debug|Any CPU
		{41442C16-4737-4C20-94FF-6F6FFBB29B9A}.Debug|Mixed Platforms.ActiveCfg = Debug|Any CPU
		{41442C16-4737-4C20-94FF-6F6FFBB29B9A}.Debug|Mixed Platforms.Build.0 = Debug|Any CPU
		{41442C16-4737-4C20-94FF-6F6FFBB29B9A}.Debug|x64.ActiveCfg = Debug|Any CPU
		{41442C16-4737-4C20-94FF-6F6FFBB29B9A}.Debug|x86.ActiveCfg = Debug|Any CPU
		{41442C16-4737-4C20-94FF-6F6FFBB29B9A}.Release|Any CPU.ActiveCfg = Release|Any CPU
		{41442C16-4737-4C20-94FF-6F6FFBB29B9A}.Release|Any CPU.Build.0 = Release|Any CPU
		{41442C16-4737-4C20-94FF-6F6FFBB29B9A}.Release|Mixed Platforms.ActiveCfg = Release|Any CPU
		{41442C16-4737-4C20-94FF-6F6FFBB29B9A}.Release|Mixed Platforms.Build.0 = Release|Any CPU
		{41442C16-4737-4C20-94FF-6F6FFBB29B9A}.Release|x64.ActiveCfg = Release|Any CPU
		{41442C16-4737-4C20-94FF-6F6FFBB29B9A}.Release|x86.ActiveCfg = Release|Any CPU
		{FE7A0A20-C19E-40F9-BEFE-8C30C1CF0D56}.All|Any CPU.ActiveCfg = Release|Any CPU
		{FE7A0A20-C19E-40F9-BEFE-8C30C1CF0D56}.All|Any CPU.Build.0 = Release|Any CPU
		{FE7A0A20-C19E-40F9-BEFE-8C30C1CF0D56}.All|Mixed Platforms.ActiveCfg = Release|Any CPU
		{FE7A0A20-C19E-40F9-BEFE-8C30C1CF0D56}.All|Mixed Platforms.Build.0 = Release|Any CPU
		{FE7A0A20-C19E-40F9-BEFE-8C30C1CF0D56}.All|x64.ActiveCfg = Release|Any CPU
		{FE7A0A20-C19E-40F9-BEFE-8C30C1CF0D56}.All|x86.ActiveCfg = Release|Any CPU
		{FE7A0A20-C19E-40F9-BEFE-8C30C1CF0D56}.Debug|Any CPU.ActiveCfg = Debug|Any CPU
		{FE7A0A20-C19E-40F9-BEFE-8C30C1CF0D56}.Debug|Any CPU.Build.0 = Debug|Any CPU
		{FE7A0A20-C19E-40F9-BEFE-8C30C1CF0D56}.Debug|Mixed Platforms.ActiveCfg = Debug|Any CPU
		{FE7A0A20-C19E-40F9-BEFE-8C30C1CF0D56}.Debug|Mixed Platforms.Build.0 = Debug|Any CPU
		{FE7A0A20-C19E-40F9-BEFE-8C30C1CF0D56}.Debug|x64.ActiveCfg = Debug|Any CPU
		{FE7A0A20-C19E-40F9-BEFE-8C30C1CF0D56}.Debug|x86.ActiveCfg = Debug|Any CPU
		{FE7A0A20-C19E-40F9-BEFE-8C30C1CF0D56}.Release|Any CPU.ActiveCfg = Release|Any CPU
		{FE7A0A20-C19E-40F9-BEFE-8C30C1CF0D56}.Release|Any CPU.Build.0 = Release|Any CPU
		{FE7A0A20-C19E-40F9-BEFE-8C30C1CF0D56}.Release|Mixed Platforms.ActiveCfg = Release|Any CPU
		{FE7A0A20-C19E-40F9-BEFE-8C30C1CF0D56}.Release|Mixed Platforms.Build.0 = Release|Any CPU
		{FE7A0A20-C19E-40F9-BEFE-8C30C1CF0D56}.Release|x64.ActiveCfg = Release|Any CPU
		{FE7A0A20-C19E-40F9-BEFE-8C30C1CF0D56}.Release|x86.ActiveCfg = Release|Any CPU
		{B169FC44-F224-480C-8033-04C1B072975B}.All|Any CPU.ActiveCfg = Release|Any CPU
		{B169FC44-F224-480C-8033-04C1B072975B}.All|Any CPU.Build.0 = Release|Any CPU
		{B169FC44-F224-480C-8033-04C1B072975B}.All|Mixed Platforms.ActiveCfg = Release|Any CPU
		{B169FC44-F224-480C-8033-04C1B072975B}.All|Mixed Platforms.Build.0 = Release|Any CPU
		{B169FC44-F224-480C-8033-04C1B072975B}.All|x64.ActiveCfg = Release|Any CPU
		{B169FC44-F224-480C-8033-04C1B072975B}.All|x86.ActiveCfg = Release|Any CPU
		{B169FC44-F224-480C-8033-04C1B072975B}.Debug|Any CPU.ActiveCfg = Debug|Any CPU
		{B169FC44-F224-480C-8033-04C1B072975B}.Debug|Any CPU.Build.0 = Debug|Any CPU
		{B169FC44-F224-480C-8033-04C1B072975B}.Debug|Mixed Platforms.ActiveCfg = Debug|Any CPU
		{B169FC44-F224-480C-8033-04C1B072975B}.Debug|Mixed Platforms.Build.0 = Debug|Any CPU
		{B169FC44-F224-480C-8033-04C1B072975B}.Debug|x64.ActiveCfg = Debug|Any CPU
		{B169FC44-F224-480C-8033-04C1B072975B}.Debug|x86.ActiveCfg = Debug|Any CPU
		{B169FC44-F224-480C-8033-04C1B072975B}.Release|Any CPU.ActiveCfg = Release|Any CPU
		{B169FC44-F224-480C-8033-04C1B072975B}.Release|Any CPU.Build.0 = Release|Any CPU
		{B169FC44-F224-480C-8033-04C1B072975B}.Release|Mixed Platforms.ActiveCfg = Release|Any CPU
		{B169FC44-F224-480C-8033-04C1B072975B}.Release|Mixed Platforms.Build.0 = Release|Any CPU
		{B169FC44-F224-480C-8033-04C1B072975B}.Release|x64.ActiveCfg = Release|Any CPU
		{B169FC44-F224-480C-8033-04C1B072975B}.Release|x86.ActiveCfg = Release|Any CPU
		{A532EE11-A893-4D72-8245-76D47710C206}.All|Any CPU.ActiveCfg = Release|Any CPU
		{A532EE11-A893-4D72-8245-76D47710C206}.All|Any CPU.Build.0 = Release|Any CPU
		{A532EE11-A893-4D72-8245-76D47710C206}.All|Mixed Platforms.ActiveCfg = Release|Any CPU
		{A532EE11-A893-4D72-8245-76D47710C206}.All|Mixed Platforms.Build.0 = Release|Any CPU
		{A532EE11-A893-4D72-8245-76D47710C206}.All|x64.ActiveCfg = Release|Any CPU
		{A532EE11-A893-4D72-8245-76D47710C206}.All|x86.ActiveCfg = Release|Any CPU
		{A532EE11-A893-4D72-8245-76D47710C206}.Debug|Any CPU.ActiveCfg = Debug|Any CPU
		{A532EE11-A893-4D72-8245-76D47710C206}.Debug|Any CPU.Build.0 = Debug|Any CPU
		{A532EE11-A893-4D72-8245-76D47710C206}.Debug|Mixed Platforms.ActiveCfg = Debug|Any CPU
		{A532EE11-A893-4D72-8245-76D47710C206}.Debug|Mixed Platforms.Build.0 = Debug|Any CPU
		{A532EE11-A893-4D72-8245-76D47710C206}.Debug|x64.ActiveCfg = Debug|Any CPU
		{A532EE11-A893-4D72-8245-76D47710C206}.Debug|x86.ActiveCfg = Debug|Any CPU
		{A532EE11-A893-4D72-8245-76D47710C206}.Release|Any CPU.ActiveCfg = Release|Any CPU
		{A532EE11-A893-4D72-8245-76D47710C206}.Release|Any CPU.Build.0 = Release|Any CPU
		{A532EE11-A893-4D72-8245-76D47710C206}.Release|Mixed Platforms.ActiveCfg = Release|Any CPU
		{A532EE11-A893-4D72-8245-76D47710C206}.Release|Mixed Platforms.Build.0 = Release|Any CPU
		{A532EE11-A893-4D72-8245-76D47710C206}.Release|x64.ActiveCfg = Release|Any CPU
		{A532EE11-A893-4D72-8245-76D47710C206}.Release|x86.ActiveCfg = Release|Any CPU
		{A0C4B14C-1C68-4D3A-8B6B-802DB93397DD}.All|Any CPU.ActiveCfg = Release|Any CPU
		{A0C4B14C-1C68-4D3A-8B6B-802DB93397DD}.All|Any CPU.Build.0 = Release|Any CPU
		{A0C4B14C-1C68-4D3A-8B6B-802DB93397DD}.All|Mixed Platforms.ActiveCfg = Release|Any CPU
		{A0C4B14C-1C68-4D3A-8B6B-802DB93397DD}.All|Mixed Platforms.Build.0 = Release|Any CPU
		{A0C4B14C-1C68-4D3A-8B6B-802DB93397DD}.All|x64.ActiveCfg = Release|Any CPU
		{A0C4B14C-1C68-4D3A-8B6B-802DB93397DD}.All|x86.ActiveCfg = Release|Any CPU
		{A0C4B14C-1C68-4D3A-8B6B-802DB93397DD}.Debug|Any CPU.ActiveCfg = Debug|Any CPU
		{A0C4B14C-1C68-4D3A-8B6B-802DB93397DD}.Debug|Any CPU.Build.0 = Debug|Any CPU
		{A0C4B14C-1C68-4D3A-8B6B-802DB93397DD}.Debug|Mixed Platforms.ActiveCfg = Debug|Any CPU
		{A0C4B14C-1C68-4D3A-8B6B-802DB93397DD}.Debug|Mixed Platforms.Build.0 = Debug|Any CPU
		{A0C4B14C-1C68-4D3A-8B6B-802DB93397DD}.Debug|x64.ActiveCfg = Debug|Any CPU
		{A0C4B14C-1C68-4D3A-8B6B-802DB93397DD}.Debug|x86.ActiveCfg = Debug|Any CPU
		{A0C4B14C-1C68-4D3A-8B6B-802DB93397DD}.Release|Any CPU.ActiveCfg = Release|Any CPU
		{A0C4B14C-1C68-4D3A-8B6B-802DB93397DD}.Release|Any CPU.Build.0 = Release|Any CPU
		{A0C4B14C-1C68-4D3A-8B6B-802DB93397DD}.Release|Mixed Platforms.ActiveCfg = Release|Any CPU
		{A0C4B14C-1C68-4D3A-8B6B-802DB93397DD}.Release|Mixed Platforms.Build.0 = Release|Any CPU
		{A0C4B14C-1C68-4D3A-8B6B-802DB93397DD}.Release|x64.ActiveCfg = Release|Any CPU
		{A0C4B14C-1C68-4D3A-8B6B-802DB93397DD}.Release|x86.ActiveCfg = Release|Any CPU
		{F554DDCD-744E-4192-9448-0447A06E8AA9}.All|Any CPU.ActiveCfg = Release|Any CPU
		{F554DDCD-744E-4192-9448-0447A06E8AA9}.All|Any CPU.Build.0 = Release|Any CPU
		{F554DDCD-744E-4192-9448-0447A06E8AA9}.All|Mixed Platforms.ActiveCfg = Release|Any CPU
		{F554DDCD-744E-4192-9448-0447A06E8AA9}.All|Mixed Platforms.Build.0 = Release|Any CPU
		{F554DDCD-744E-4192-9448-0447A06E8AA9}.All|x64.ActiveCfg = Release|Any CPU
		{F554DDCD-744E-4192-9448-0447A06E8AA9}.All|x86.ActiveCfg = Release|Any CPU
		{F554DDCD-744E-4192-9448-0447A06E8AA9}.Debug|Any CPU.ActiveCfg = Debug|Any CPU
		{F554DDCD-744E-4192-9448-0447A06E8AA9}.Debug|Any CPU.Build.0 = Debug|Any CPU
		{F554DDCD-744E-4192-9448-0447A06E8AA9}.Debug|Mixed Platforms.ActiveCfg = Debug|Any CPU
		{F554DDCD-744E-4192-9448-0447A06E8AA9}.Debug|Mixed Platforms.Build.0 = Debug|Any CPU
		{F554DDCD-744E-4192-9448-0447A06E8AA9}.Debug|x64.ActiveCfg = Debug|Any CPU
		{F554DDCD-744E-4192-9448-0447A06E8AA9}.Debug|x86.ActiveCfg = Debug|Any CPU
		{F554DDCD-744E-4192-9448-0447A06E8AA9}.Release|Any CPU.ActiveCfg = Release|Any CPU
		{F554DDCD-744E-4192-9448-0447A06E8AA9}.Release|Any CPU.Build.0 = Release|Any CPU
		{F554DDCD-744E-4192-9448-0447A06E8AA9}.Release|Mixed Platforms.ActiveCfg = Release|Any CPU
		{F554DDCD-744E-4192-9448-0447A06E8AA9}.Release|Mixed Platforms.Build.0 = Release|Any CPU
		{F554DDCD-744E-4192-9448-0447A06E8AA9}.Release|x64.ActiveCfg = Release|Any CPU
		{F554DDCD-744E-4192-9448-0447A06E8AA9}.Release|x86.ActiveCfg = Release|Any CPU
	EndGlobalSection
	GlobalSection(SolutionProperties) = preSolution
		HideSolutionNode = FALSE
	EndGlobalSection
EndGlobal
